// !$*UTF8*$!
{
	archiveVersion = 1;
	classes = {
	};
	objectVersion = 46;
	objects = {

/* Begin PBXBuildFile section */
		2D23F503186830CB00D15C8C /* Foundation.framework in Frameworks */ = {isa = PBXBuildFile; fileRef = 2D23F502186830CB00D15C8C /* Foundation.framework */; };
		2D23F505186830CB00D15C8C /* CoreGraphics.framework in Frameworks */ = {isa = PBXBuildFile; fileRef = 2D23F504186830CB00D15C8C /* CoreGraphics.framework */; };
		2D23F507186830CB00D15C8C /* UIKit.framework in Frameworks */ = {isa = PBXBuildFile; fileRef = 2D23F506186830CB00D15C8C /* UIKit.framework */; };
		2D23F50D186830CB00D15C8C /* InfoPlist.strings in Resources */ = {isa = PBXBuildFile; fileRef = 2D23F50B186830CB00D15C8C /* InfoPlist.strings */; };
		2D23F50F186830CB00D15C8C /* main.m in Sources */ = {isa = PBXBuildFile; fileRef = 2D23F50E186830CB00D15C8C /* main.m */; };
		2D23F513186830CB00D15C8C /* AppDelegate.m in Sources */ = {isa = PBXBuildFile; fileRef = 2D23F512186830CB00D15C8C /* AppDelegate.m */; };
		2D23F515186830CB00D15C8C /* Images.xcassets in Resources */ = {isa = PBXBuildFile; fileRef = 2D23F514186830CB00D15C8C /* Images.xcassets */; };
		2D23F51C186830CB00D15C8C /* XCTest.framework in Frameworks */ = {isa = PBXBuildFile; fileRef = 2D23F51B186830CB00D15C8C /* XCTest.framework */; };
		2D23F51D186830CB00D15C8C /* Foundation.framework in Frameworks */ = {isa = PBXBuildFile; fileRef = 2D23F502186830CB00D15C8C /* Foundation.framework */; };
		2D23F51E186830CB00D15C8C /* UIKit.framework in Frameworks */ = {isa = PBXBuildFile; fileRef = 2D23F506186830CB00D15C8C /* UIKit.framework */; };
		2D23F526186830CB00D15C8C /* InfoPlist.strings in Resources */ = {isa = PBXBuildFile; fileRef = 2D23F524186830CB00D15C8C /* InfoPlist.strings */; };
		2D23F528186830CB00D15C8C /* timesTests.m in Sources */ = {isa = PBXBuildFile; fileRef = 2D23F527186830CB00D15C8C /* timesTests.m */; };
		2DA8F40B186958FF00A4D55B /* datapickview.m in Sources */ = {isa = PBXBuildFile; fileRef = 2DA8F40A186958FF00A4D55B /* datapickview.m */; };
		2DA8F40E18695AAE00A4D55B /* homesViewController.m in Sources */ = {isa = PBXBuildFile; fileRef = 2DA8F40D18695AAE00A4D55B /* homesViewController.m */; };
/* End PBXBuildFile section */

/* Begin PBXContainerItemProxy section */
		2D23F51F186830CB00D15C8C /* PBXContainerItemProxy */ = {
			isa = PBXContainerItemProxy;
			containerPortal = 2D23F4F7186830CB00D15C8C /* Project object */;
			proxyType = 1;
			remoteGlobalIDString = 2D23F4FE186830CB00D15C8C;
			remoteInfo = times;
		};
/* End PBXContainerItemProxy section */

/* Begin PBXFileReference section */
		2D23F4FF186830CB00D15C8C /* times.app */ = {isa = PBXFileReference; explicitFileType = wrapper.application; includeInIndex = 0; path = times.app; sourceTree = BUILT_PRODUCTS_DIR; };
		2D23F502186830CB00D15C8C /* Foundation.framework */ = {isa = PBXFileReference; lastKnownFileType = wrapper.framework; name = Foundation.framework; path = System/Library/Frameworks/Foundation.framework; sourceTree = SDKROOT; };
		2D23F504186830CB00D15C8C /* CoreGraphics.framework */ = {isa = PBXFileReference; lastKnownFileType = wrapper.framework; name = CoreGraphics.framework; path = System/Library/Frameworks/CoreGraphics.framework; sourceTree = SDKROOT; };
		2D23F506186830CB00D15C8C /* UIKit.framework */ = {isa = PBXFileReference; lastKnownFileType = wrapper.framework; name = UIKit.framework; path = System/Library/Frameworks/UIKit.framework; sourceTree = SDKROOT; };
		2D23F50A186830CB00D15C8C /* times-Info.plist */ = {isa = PBXFileReference; lastKnownFileType = text.plist.xml; path = "times-Info.plist"; sourceTree = "<group>"; };
		2D23F50C186830CB00D15C8C /* en */ = {isa = PBXFileReference; lastKnownFileType = text.plist.strings; name = en; path = en.lproj/InfoPlist.strings; sourceTree = "<group>"; };
		2D23F50E186830CB00D15C8C /* main.m */ = {isa = PBXFileReference; lastKnownFileType = sourcecode.c.objc; path = main.m; sourceTree = "<group>"; };
		2D23F510186830CB00D15C8C /* times-Prefix.pch */ = {isa = PBXFileReference; lastKnownFileType = sourcecode.c.h; path = "times-Prefix.pch"; sourceTree = "<group>"; };
		2D23F511186830CB00D15C8C /* AppDelegate.h */ = {isa = PBXFileReference; lastKnownFileType = sourcecode.c.h; path = AppDelegate.h; sourceTree = "<group>"; };
		2D23F512186830CB00D15C8C /* AppDelegate.m */ = {isa = PBXFileReference; lastKnownFileType = sourcecode.c.objc; path = AppDelegate.m; sourceTree = "<group>"; };
		2D23F514186830CB00D15C8C /* Images.xcassets */ = {isa = PBXFileReference; lastKnownFileType = folder.assetcatalog; path = Images.xcassets; sourceTree = "<group>"; };
		2D23F51A186830CB00D15C8C /* timesTests.xctest */ = {isa = PBXFileReference; explicitFileType = wrapper.cfbundle; includeInIndex = 0; path = timesTests.xctest; sourceTree = BUILT_PRODUCTS_DIR; };
		2D23F51B186830CB00D15C8C /* XCTest.framework */ = {isa = PBXFileReference; lastKnownFileType = wrapper.framework; name = XCTest.framework; path = Library/Frameworks/XCTest.framework; sourceTree = DEVELOPER_DIR; };
		2D23F523186830CB00D15C8C /* timesTests-Info.plist */ = {isa = PBXFileReference; lastKnownFileType = text.plist.xml; path = "timesTests-Info.plist"; sourceTree = "<group>"; };
		2D23F525186830CB00D15C8C /* en */ = {isa = PBXFileReference; lastKnownFileType = text.plist.strings; name = en; path = en.lproj/InfoPlist.strings; sourceTree = "<group>"; };
		2D23F527186830CB00D15C8C /* timesTests.m */ = {isa = PBXFileReference; lastKnownFileType = sourcecode.c.objc; path = timesTests.m; sourceTree = "<group>"; };
		2DA8F409186958FF00A4D55B /* datapickview.h */ = {isa = PBXFileReference; fileEncoding = 4; lastKnownFileType = sourcecode.c.h; path = datapickview.h; sourceTree = "<group>"; };
		2DA8F40A186958FF00A4D55B /* datapickview.m */ = {isa = PBXFileReference; fileEncoding = 4; lastKnownFileType = sourcecode.c.objc; path = datapickview.m; sourceTree = "<group>"; };
		2DA8F40C18695AAE00A4D55B /* homesViewController.h */ = {isa = PBXFileReference; fileEncoding = 4; lastKnownFileType = sourcecode.c.h; path = homesViewController.h; sourceTree = "<group>"; };
		2DA8F40D18695AAE00A4D55B /* homesViewController.m */ = {isa = PBXFileReference; fileEncoding = 4; lastKnownFileType = sourcecode.c.objc; path = homesViewController.m; sourceTree = "<group>"; };
/* End PBXFileReference section */

/* Begin PBXFrameworksBuildPhase section */
		2D23F4FC186830CB00D15C8C /* Frameworks */ = {
			isa = PBXFrameworksBuildPhase;
			buildActionMask = 2147483647;
			files = (
				2D23F505186830CB00D15C8C /* CoreGraphics.framework in Frameworks */,
				2D23F507186830CB00D15C8C /* UIKit.framework in Frameworks */,
				2D23F503186830CB00D15C8C /* Foundation.framework in Frameworks */,
			);
			runOnlyForDeploymentPostprocessing = 0;
		};
		2D23F517186830CB00D15C8C /* Frameworks */ = {
			isa = PBXFrameworksBuildPhase;
			buildActionMask = 2147483647;
			files = (
				2D23F51C186830CB00D15C8C /* XCTest.framework in Frameworks */,
				2D23F51E186830CB00D15C8C /* UIKit.framework in Frameworks */,
				2D23F51D186830CB00D15C8C /* Foundation.framework in Frameworks */,
			);
			runOnlyForDeploymentPostprocessing = 0;
		};
/* End PBXFrameworksBuildPhase section */

/* Begin PBXGroup section */
		2D23F4F6186830CB00D15C8C = {
			isa = PBXGroup;
			children = (
				2D23F508186830CB00D15C8C /* times */,
				2D23F521186830CB00D15C8C /* timesTests */,
				2D23F501186830CB00D15C8C /* Frameworks */,
				2D23F500186830CB00D15C8C /* Products */,
			);
			sourceTree = "<group>";
		};
		2D23F500186830CB00D15C8C /* Products */ = {
			isa = PBXGroup;
			children = (
				2D23F4FF186830CB00D15C8C /* times.app */,
				2D23F51A186830CB00D15C8C /* timesTests.xctest */,
			);
			name = Products;
			sourceTree = "<group>";
		};
		2D23F501186830CB00D15C8C /* Frameworks */ = {
			isa = PBXGroup;
			children = (
				2D23F502186830CB00D15C8C /* Foundation.framework */,
				2D23F504186830CB00D15C8C /* CoreGraphics.framework */,
				2D23F506186830CB00D15C8C /* UIKit.framework */,
				2D23F51B186830CB00D15C8C /* XCTest.framework */,
			);
			name = Frameworks;
			sourceTree = "<group>";
		};
		2D23F508186830CB00D15C8C /* times */ = {
			isa = PBXGroup;
			children = (
				2D23F511186830CB00D15C8C /* AppDelegate.h */,
				2D23F512186830CB00D15C8C /* AppDelegate.m */,
				2D23F514186830CB00D15C8C /* Images.xcassets */,
				2DA8F409186958FF00A4D55B /* datapickview.h */,
				2DA8F40A186958FF00A4D55B /* datapickview.m */,
				2D23F509186830CB00D15C8C /* Supporting Files */,
				2DA8F40C18695AAE00A4D55B /* homesViewController.h */,
				2DA8F40D18695AAE00A4D55B /* homesViewController.m */,
			);
			path = times;
			sourceTree = "<group>";
		};
		2D23F509186830CB00D15C8C /* Supporting Files */ = {
			isa = PBXGroup;
			children = (
				2D23F50A186830CB00D15C8C /* times-Info.plist */,
				2D23F50B186830CB00D15C8C /* InfoPlist.strings */,
				2D23F50E186830CB00D15C8C /* main.m */,
				2D23F510186830CB00D15C8C /* times-Prefix.pch */,
			);
			name = "Supporting Files";
			sourceTree = "<group>";
		};
		2D23F521186830CB00D15C8C /* timesTests */ = {
			isa = PBXGroup;
			children = (
				2D23F527186830CB00D15C8C /* timesTests.m */,
				2D23F522186830CB00D15C8C /* Supporting Files */,
			);
			path = timesTests;
			sourceTree = "<group>";
		};
		2D23F522186830CB00D15C8C /* Supporting Files */ = {
			isa = PBXGroup;
			children = (
				2D23F523186830CB00D15C8C /* timesTests-Info.plist */,
				2D23F524186830CB00D15C8C /* InfoPlist.strings */,
			);
			name = "Supporting Files";
			sourceTree = "<group>";
		};
/* End PBXGroup section */

/* Begin PBXNativeTarget section */
		2D23F4FE186830CB00D15C8C /* times */ = {
			isa = PBXNativeTarget;
			buildConfigurationList = 2D23F52B186830CB00D15C8C /* Build configuration list for PBXNativeTarget "times" */;
			buildPhases = (
				2D23F4FB186830CB00D15C8C /* Sources */,
				2D23F4FC186830CB00D15C8C /* Frameworks */,
				2D23F4FD186830CB00D15C8C /* Resources */,
			);
			buildRules = (
			);
			dependencies = (
			);
			name = times;
			productName = times;
			productReference = 2D23F4FF186830CB00D15C8C /* times.app */;
			productType = "com.apple.product-type.application";
		};
		2D23F519186830CB00D15C8C /* timesTests */ = {
			isa = PBXNativeTarget;
			buildConfigurationList = 2D23F52E186830CB00D15C8C /* Build configuration list for PBXNativeTarget "timesTests" */;
			buildPhases = (
				2D23F516186830CB00D15C8C /* Sources */,
				2D23F517186830CB00D15C8C /* Frameworks */,
				2D23F518186830CB00D15C8C /* Resources */,
			);
			buildRules = (
			);
			dependencies = (
				2D23F520186830CB00D15C8C /* PBXTargetDependency */,
			);
			name = timesTests;
			productName = timesTests;
			productReference = 2D23F51A186830CB00D15C8C /* timesTests.xctest */;
			productType = "com.apple.product-type.bundle.unit-test";
		};
/* End PBXNativeTarget section */

/* Begin PBXProject section */
		2D23F4F7186830CB00D15C8C /* Project object */ = {
			isa = PBXProject;
			attributes = {
				LastUpgradeCheck = 0500;
				ORGANIZATIONNAME = Netcoc;
				TargetAttributes = {
					2D23F519186830CB00D15C8C = {
						TestTargetID = 2D23F4FE186830CB00D15C8C;
					};
				};
			};
			buildConfigurationList = 2D23F4FA186830CB00D15C8C /* Build configuration list for PBXProject "times" */;
			compatibilityVersion = "Xcode 3.2";
			developmentRegion = English;
			hasScannedForEncodings = 0;
			knownRegions = (
				en,
			);
			mainGroup = 2D23F4F6186830CB00D15C8C;
			productRefGroup = 2D23F500186830CB00D15C8C /* Products */;
			projectDirPath = "";
			projectRoot = "";
			targets = (
				2D23F4FE186830CB00D15C8C /* times */,
				2D23F519186830CB00D15C8C /* timesTests */,
			);
		};
/* End PBXProject section */

/* Begin PBXResourcesBuildPhase section */
		2D23F4FD186830CB00D15C8C /* Resources */ = {
			isa = PBXResourcesBuildPhase;
			buildActionMask = 2147483647;
			files = (
				2D23F50D186830CB00D15C8C /* InfoPlist.strings in Resources */,
				2D23F515186830CB00D15C8C /* Images.xcassets in Resources */,
			);
			runOnlyForDeploymentPostprocessing = 0;
		};
		2D23F518186830CB00D15C8C /* Resources */ = {
			isa = PBXResourcesBuildPhase;
			buildActionMask = 2147483647;
			files = (
				2D23F526186830CB00D15C8C /* InfoPlist.strings in Resources */,
			);
			runOnlyForDeploymentPostprocessing = 0;
		};
/* End PBXResourcesBuildPhase section */

/* Begin PBXSourcesBuildPhase section */
		2D23F4FB186830CB00D15C8C /* Sources */ = {
			isa = PBXSourcesBuildPhase;
			buildActionMask = 2147483647;
			files = (
				2D23F513186830CB00D15C8C /* AppDelegate.m in Sources */,
				2DA8F40B186958FF00A4D55B /* datapickview.m in Sources */,
				2DA8F40E18695AAE00A4D55B /* homesViewController.m in Sources */,
				2D23F50F186830CB00D15C8C /* main.m in Sources */,
			);
			runOnlyForDeploymentPostprocessing = 0;
		};
		2D23F516186830CB00D15C8C /* Sources */ = {
			isa = PBXSourcesBuildPhase;
			buildActionMask = 2147483647;
			files = (
				2D23F528186830CB00D15C8C /* timesTests.m in Sources */,
			);
			runOnlyForDeploymentPostprocessing = 0;
		};
/* End PBXSourcesBuildPhase section */

/* Begin PBXTargetDependency section */
		2D23F520186830CB00D15C8C /* PBXTargetDependency */ = {
			isa = PBXTargetDependency;
			target = 2D23F4FE186830CB00D15C8C /* times */;
			targetProxy = 2D23F51F186830CB00D15C8C /* PBXContainerItemProxy */;
		};
/* End PBXTargetDependency section */

/* Begin PBXVariantGroup section */
		2D23F50B186830CB00D15C8C /* InfoPlist.strings */ = {
			isa = PBXVariantGroup;
			children = (
				2D23F50C186830CB00D15C8C /* en */,
			);
			name = InfoPlist.strings;
			sourceTree = "<group>";
		};
		2D23F524186830CB00D15C8C /* InfoPlist.strings */ = {
			isa = PBXVariantGroup;
			children = (
				2D23F525186830CB00D15C8C /* en */,
			);
			name = InfoPlist.strings;
			sourceTree = "<group>";
		};
/* End PBXVariantGroup section */

/* Begin XCBuildConfiguration section */
		2D23F529186830CB00D15C8C /* Debug */ = {
			isa = XCBuildConfiguration;
			buildSettings = {
				ALWAYS_SEARCH_USER_PATHS = NO;
				ARCHS = "$(ARCHS_STANDARD_INCLUDING_64_BIT)";
				CLANG_CXX_LANGUAGE_STANDARD = "gnu++0x";
				CLANG_CXX_LIBRARY = "libc++";
				CLANG_ENABLE_MODULES = YES;
				CLANG_ENABLE_OBJC_ARC = YES;
				CLANG_WARN_BOOL_CONVERSION = YES;
				CLANG_WARN_CONSTANT_CONVERSION = YES;
				CLANG_WARN_DIRECT_OBJC_ISA_USAGE = YES_ERROR;
				CLANG_WARN_EMPTY_BODY = YES;
				CLANG_WARN_ENUM_CONVERSION = YES;
				CLANG_WARN_INT_CONVERSION = YES;
				CLANG_WARN_OBJC_ROOT_CLASS = YES_ERROR;
				CLANG_WARN__DUPLICATE_METHOD_MATCH = YES;
				"CODE_SIGN_IDENTITY[sdk=iphoneos*]" = "iPhone Developer";
				COPY_PHASE_STRIP = NO;
				GCC_C_LANGUAGE_STANDARD = gnu99;
				GCC_DYNAMIC_NO_PIC = NO;
				GCC_OPTIMIZATION_LEVEL = 0;
				GCC_PREPROCESSOR_DEFINITIONS = (
					"DEBUG=1",
					"$(inherited)",
				);
				GCC_SYMBOLS_PRIVATE_EXTERN = NO;
				GCC_WARN_64_TO_32_BIT_CONVERSION = YES;
				GCC_WARN_ABOUT_RETURN_TYPE = YES_ERROR;
				GCC_WARN_UNDECLARED_SELECTOR = YES;
				GCC_WARN_UNINITIALIZED_AUTOS = YES;
				GCC_WARN_UNUSED_FUNCTION = YES;
				GCC_WARN_UNUSED_VARIABLE = YES;
				IPHONEOS_DEPLOYMENT_TARGET = 7.0;
				ONLY_ACTIVE_ARCH = YES;
				SDKROOT = iphoneos;
			};
			name = Debug;
		};
		2D23F52A186830CB00D15C8C /* Release */ = {
			isa = XCBuildConfiguration;
			buildSettings = {
				ALWAYS_SEARCH_USER_PATHS = NO;
				ARCHS = "$(ARCHS_STANDARD_INCLUDING_64_BIT)";
				CLANG_CXX_LANGUAGE_STANDARD = "gnu++0x";
				CLANG_CXX_LIBRARY = "libc++";
				CLANG_ENABLE_MODULES = YES;
				CLANG_ENABLE_OBJC_ARC = YES;
				CLANG_WARN_BOOL_CONVERSION = YES;
				CLANG_WARN_CONSTANT_CONVERSION = YES;
				CLANG_WARN_DIRECT_OBJC_ISA_USAGE = YES_ERROR;
				CLANG_WARN_EMPTY_BODY = YES;
				CLANG_WARN_ENUM_CONVERSION = YES;
				CLANG_WARN_INT_CONVERSION = YES;
				CLANG_WARN_OBJC_ROOT_CLASS = YES_ERROR;
				CLANG_WARN__DUPLICATE_METHOD_MATCH = YES;
				"CODE_SIGN_IDENTITY[sdk=iphoneos*]" = "iPhone Developer";
				COPY_PHASE_STRIP = YES;
				ENABLE_NS_ASSERTIONS = NO;
				GCC_C_LANGUAGE_STANDARD = gnu99;
				GCC_WARN_64_TO_32_BIT_CONVERSION = YES;
				GCC_WARN_ABOUT_RETURN_TYPE = YES_ERROR;
				GCC_WARN_UNDECLARED_SELECTOR = YES;
				GCC_WARN_UNINITIALIZED_AUTOS = YES;
				GCC_WARN_UNUSED_FUNCTION = YES;
				GCC_WARN_UNUSED_VARIABLE = YES;
				IPHONEOS_DEPLOYMENT_TARGET = 7.0;
				SDKROOT = iphoneos;
				VALIDATE_PRODUCT = YES;
			};
			name = Release;
		};
		2D23F52C186830CB00D15C8C /* Debug */ = {
			isa = XCBuildConfiguration;
			buildSettings = {
				ASSETCATALOG_COMPILER_APPICON_NAME = AppIcon;
				ASSETCATALOG_COMPILER_LAUNCHIMAGE_NAME = LaunchImage;
				GCC_PRECOMPILE_PREFIX_HEADER = YES;
				GCC_PREFIX_HEADER = "times/times-Prefix.pch";
				INFOPLIST_FILE = "times/times-Info.plist";
				PRODUCT_NAME = "$(TARGET_NAME)";
				WRAPPER_EXTENSION = app;
			};
			name = Debug;
		};
		2D23F52D186830CB00D15C8C /* Release */ = {
			isa = XCBuildConfiguration;
			buildSettings = {
				ASSETCATALOG_COMPILER_APPICON_NAME = AppIcon;
				ASSETCATALOG_COMPILER_LAUNCHIMAGE_NAME = LaunchImage;
				GCC_PRECOMPILE_PREFIX_HEADER = YES;
				GCC_PREFIX_HEADER = "times/times-Prefix.pch";
				INFOPLIST_FILE = "times/times-Info.plist";
				PRODUCT_NAME = "$(TARGET_NAME)";
				WRAPPER_EXTENSION = app;
			};
			name = Release;
		};
		2D23F52F186830CB00D15C8C /* Debug */ = {
			isa = XCBuildConfiguration;
			buildSettings = {
				ARCHS = "$(ARCHS_STANDARD_INCLUDING_64_BIT)";
				BUNDLE_LOADER = "$(BUILT_PRODUCTS_DIR)/times.app/times";
				FRAMEWORK_SEARCH_PATHS = (
					"$(SDKROOT)/Developer/Library/Frameworks",
					"$(inherited)",
					"$(DEVELOPER_FRAMEWORKS_DIR)",
				);
				GCC_PRECOMPILE_PREFIX_HEADER = YES;
				GCC_PREFIX_HEADER = "times/times-Prefix.pch";
				GCC_PREPROCESSOR_DEFINITIONS = (
					"DEBUG=1",
					"$(inherited)",
				);
				INFOPLIST_FILE = "timesTests/timesTests-Info.plist";
				PRODUCT_NAME = "$(TARGET_NAME)";
				TEST_HOST = "$(BUNDLE_LOADER)";
				WRAPPER_EXTENSION = xctest;
			};
			name = Debug;
		};
		2D23F530186830CB00D15C8C /* Release */ = {
			isa = XCBuildConfiguration;
			buildSettings = {
				ARCHS = "$(ARCHS_STANDARD_INCLUDING_64_BIT)";
				BUNDLE_LOADER = "$(BUILT_PRODUCTS_DIR)/times.app/times";
				FRAMEWORK_SEARCH_PATHS = (
					"$(SDKROOT)/Developer/Library/Frameworks",
					"$(inherited)",
					"$(DEVELOPER_FRAMEWORKS_DIR)",
				);
				GCC_PRECOMPILE_PREFIX_HEADER = YES;
				GCC_PREFIX_HEADER = "times/times-Prefix.pch";
				INFOPLIST_FILE = "timesTests/timesTests-Info.plist";
				PRODUCT_NAME = "$(TARGET_NAME)";
				TEST_HOST = "$(BUNDLE_LOADER)";
				WRAPPER_EXTENSION = xctest;
			};
			name = Release;
		};
/* End XCBuildConfiguration section */

/* Begin XCConfigurationList section */
		2D23F4FA186830CB00D15C8C /* Build configuration list for PBXProject "times" */ = {
			isa = XCConfigurationList;
			buildConfigurations = (
				2D23F529186830CB00D15C8C /* Debug */,
				2D23F52A186830CB00D15C8C /* Release */,
			);
			defaultConfigurationIsVisible = 0;
			defaultConfigurationName = Release;
		};
		2D23F52B186830CB00D15C8C /* Build configuration list for PBXNativeTarget "times" */ = {
			isa = XCConfigurationList;
			buildConfigurations = (
				2D23F52C186830CB00D15C8C /* Debug */,
				2D23F52D186830CB00D15C8C /* Release */,
			);
			defaultConfigurationIsVisible = 0;
			defaultConfigurationName = Release;
		};
		2D23F52E186830CB00D15C8C /* Build configuration list for PBXNativeTarget "timesTests" */ = {
			isa = XCConfigurationList;
			buildConfigurations = (
				2D23F52F186830CB00D15C8C /* Debug */,
				2D23F530186830CB00D15C8C /* Release */,
			);
			defaultConfigurationIsVisible = 0;
			defaultConfigurationName = Release;
		};
/* End XCConfigurationList section */
	};
	rootObject = 2D23F4F7186830CB00D15C8C /* Project object */;
}
